
Microsoft Visual Studio Solution File, Format Version 12.00
# Visual Studio Version 17
VisualStudioVersion = 17.3.32825.248
MinimumVisualStudioVersion = 10.0.40219.1
Project("{2150E333-8FDC-42A3-9474-1A3956D46DE8}") = "src", "src", "{9089C7A2-12DA-4F7A-9405-CE3A00AD92D5}"
EndProject
Project("{2150E333-8FDC-42A3-9474-1A3956D46DE8}") = "tests", "tests", "{92C2F36A-C91C-4DA2-8D90-D7B205B0E935}"
EndProject
Project("{FAE04EC0-301F-11D3-BF4B-00C04F79EFBC}") = "UnitTests", "tests\UnitTests\UnitTests.csproj", "{6922B425-4D66-40D3-95A8-DD235EA24FAE}"
EndProject
Project("{FAE04EC0-301F-11D3-BF4B-00C04F79EFBC}") = "BitExtensions", "src\BitExtensions\BitExtensions.csproj", "{8CB1E6B5-8A4A-4266-93DE-6574E2375E50}"
EndProject
Global
	GlobalSection(SolutionConfigurationPlatforms) = preSolution
		Debug|Any CPU = Debug|Any CPU
		Release|Any CPU = Release|Any CPU
	EndGlobalSection
	GlobalSection(ProjectConfigurationPlatforms) = postSolution
		{6922B425-4D66-40D3-95A8-DD235EA24FAE}.Debug|Any CPU.ActiveCfg = Debug|Any CPU
		{6922B425-4D66-40D3-95A8-DD235EA24FAE}.Debug|Any CPU.Build.0 = Debug|Any CPU
		{6922B425-4D66-40D3-95A8-DD235EA24FAE}.Release|Any CPU.ActiveCfg = Release|Any CPU
		{6922B425-4D66-40D3-95A8-DD235EA24FAE}.Release|Any CPU.Build.0 = Release|Any CPU
		{8CB1E6B5-8A4A-4266-93DE-6574E2375E50}.Debug|Any CPU.ActiveCfg = Debug|Any CPU
		{8CB1E6B5-8A4A-4266-93DE-6574E2375E50}.Debug|Any CPU.Build.0 = Debug|Any CPU
		{8CB1E6B5-8A4A-4266-93DE-6574E2375E50}.Release|Any CPU.ActiveCfg = Release|Any CPU
		{8CB1E6B5-8A4A-4266-93DE-6574E2375E50}.Release|Any CPU.Build.0 = Release|Any CPU
	EndGlobalSection
	GlobalSection(SolutionProperties) = preSolution
		HideSolutionNode = FALSE
	EndGlobalSection
	GlobalSection(NestedProjects) = preSolution
		{6922B425-4D66-40D3-95A8-DD235EA24FAE} = {92C2F36A-C91C-4DA2-8D90-D7B205B0E935}
		{8CB1E6B5-8A4A-4266-93DE-6574E2375E50} = {9089C7A2-12DA-4F7A-9405-CE3A00AD92D5}
	EndGlobalSection
	GlobalSection(ExtensibilityGlobals) = postSolution
		SolutionGuid = {D857D25A-8E58-44EB-A9A2-1F06AFE7F75B}
	EndGlobalSection
EndGlobal
